
Microsoft Visual Studio Solution File, Format Version 12.00
# Visual Studio Version 17
VisualStudioVersion = 17.7.34024.191
MinimumVisualStudioVersion = 10.0.40219.1
Project("{FAE04EC0-301F-11D3-BF4B-00C04F79EFBC}") = "laba1 peredelannaya dlya form", "lab_c# (2stage unik(\laba1 peredelannaya dlya form.csproj", "{302A275C-8974-475D-B9E6-6B2C3B81EDD2}"
EndProject
Project("{FAE04EC0-301F-11D3-BF4B-00C04F79EFBC}") = "laba forms", "lab1_normalCode\laba forms.csproj", "{C4471F37-47CD-412D-AB03-C8DC07C35E9A}"
EndProject
Global
	GlobalSection(SolutionConfigurationPlatforms) = preSolution
		Debug|Any CPU = Debug|Any CPU
		Release|Any CPU = Release|Any CPU
	EndGlobalSection
	GlobalSection(ProjectConfigurationPlatforms) = postSolution
		{302A275C-8974-475D-B9E6-6B2C3B81EDD2}.Debug|Any CPU.ActiveCfg = Debug|Any CPU
		{302A275C-8974-475D-B9E6-6B2C3B81EDD2}.Debug|Any CPU.Build.0 = Debug|Any CPU
		{302A275C-8974-475D-B9E6-6B2C3B81EDD2}.Release|Any CPU.ActiveCfg = Release|Any CPU
		{302A275C-8974-475D-B9E6-6B2C3B81EDD2}.Release|Any CPU.Build.0 = Release|Any CPU
		{C4471F37-47CD-412D-AB03-C8DC07C35E9A}.Debug|Any CPU.ActiveCfg = Debug|Any CPU
		{C4471F37-47CD-412D-AB03-C8DC07C35E9A}.Debug|Any CPU.Build.0 = Debug|Any CPU
		{C4471F37-47CD-412D-AB03-C8DC07C35E9A}.Release|Any CPU.ActiveCfg = Release|Any CPU
		{C4471F37-47CD-412D-AB03-C8DC07C35E9A}.Release|Any CPU.Build.0 = Release|Any CPU
	EndGlobalSection
	GlobalSection(SolutionProperties) = preSolution
		HideSolutionNode = FALSE
	EndGlobalSection
	GlobalSection(ExtensibilityGlobals) = postSolution
		SolutionGuid = {8FBC403C-23B3-41A8-8A9B-1AFA2E2E8DFE}
	EndGlobalSection
EndGlobal
